
Microsoft Visual Studio Solution File, Format Version 12.00
# Visual Studio 2013
VisualStudioVersion = 12.0.30501.0
MinimumVisualStudioVersion = 10.0.40219.1
Project("{8BC9CEB8-8B4A-11D0-8D11-00A0C91BC942}") = "kruskal", "kruskal\kruskal.vcxproj", "{1249514F-2AE8-4BFC-A5BB-C35C9ED437F6}"
EndProject
Project("{8BC9CEB8-8B4A-11D0-8D11-00A0C91BC942}") = "Dijkstra", "Dijkstra\Dijkstra.vcxproj", "{AEB328DF-1987-456B-8513-B73D187DE495}"
EndProject
Project("{8BC9CEB8-8B4A-11D0-8D11-00A0C91BC942}") = "Floyd", "Floyd\Floyd.vcxproj", "{CC21F667-EEAD-4DE4-9903-C480CDDEC5C4}"
EndProject
Project("{8BC9CEB8-8B4A-11D0-8D11-00A0C91BC942}") = "TopologicalSort", "TopologicalSort\TopologicalSort.vcxproj", "{B3764EA5-813A-4516-8093-9BFA8DFEB60D}"
EndProject
Project("{8BC9CEB8-8B4A-11D0-8D11-00A0C91BC942}") = "CriticalPath", "CriticalPath\CriticalPath.vcxproj", "{E2E4D2AD-7E65-4CCE-9BAE-8D180B834241}"
EndProject
Project("{8BC9CEB8-8B4A-11D0-8D11-00A0C91BC942}") = "BinarySearch", "BinarySearch\BinarySearch.vcxproj", "{3D3102D2-E447-4D01-8F48-25EF51C187DA}"
EndProject
Project("{8BC9CEB8-8B4A-11D0-8D11-00A0C91BC942}") = "BinarySortTree", "BinarySortTree\BinarySortTree.vcxproj", "{4D1C78C5-DFC4-437D-B33D-253BE23624DB}"
EndProject
Global
	GlobalSection(SolutionConfigurationPlatforms) = preSolution
		Debug|Win32 = Debug|Win32
		Release|Win32 = Release|Win32
	EndGlobalSection
	GlobalSection(ProjectConfigurationPlatforms) = postSolution
		{1249514F-2AE8-4BFC-A5BB-C35C9ED437F6}.Debug|Win32.ActiveCfg = Debug|Win32
		{1249514F-2AE8-4BFC-A5BB-C35C9ED437F6}.Debug|Win32.Build.0 = Debug|Win32
		{1249514F-2AE8-4BFC-A5BB-C35C9ED437F6}.Release|Win32.ActiveCfg = Release|Win32
		{1249514F-2AE8-4BFC-A5BB-C35C9ED437F6}.Release|Win32.Build.0 = Release|Win32
		{AEB328DF-1987-456B-8513-B73D187DE495}.Debug|Win32.ActiveCfg = Debug|Win32
		{AEB328DF-1987-456B-8513-B73D187DE495}.Debug|Win32.Build.0 = Debug|Win32
		{AEB328DF-1987-456B-8513-B73D187DE495}.Release|Win32.ActiveCfg = Release|Win32
		{AEB328DF-1987-456B-8513-B73D187DE495}.Release|Win32.Build.0 = Release|Win32
		{CC21F667-EEAD-4DE4-9903-C480CDDEC5C4}.Debug|Win32.ActiveCfg = Debug|Win32
		{CC21F667-EEAD-4DE4-9903-C480CDDEC5C4}.Debug|Win32.Build.0 = Debug|Win32
		{CC21F667-EEAD-4DE4-9903-C480CDDEC5C4}.Release|Win32.ActiveCfg = Release|Win32
		{CC21F667-EEAD-4DE4-9903-C480CDDEC5C4}.Release|Win32.Build.0 = Release|Win32
		{B3764EA5-813A-4516-8093-9BFA8DFEB60D}.Debug|Win32.ActiveCfg = Debug|Win32
		{B3764EA5-813A-4516-8093-9BFA8DFEB60D}.Debug|Win32.Build.0 = Debug|Win32
		{B3764EA5-813A-4516-8093-9BFA8DFEB60D}.Release|Win32.ActiveCfg = Release|Win32
		{B3764EA5-813A-4516-8093-9BFA8DFEB60D}.Release|Win32.Build.0 = Release|Win32
		{E2E4D2AD-7E65-4CCE-9BAE-8D180B834241}.Debug|Win32.ActiveCfg = Debug|Win32
		{E2E4D2AD-7E65-4CCE-9BAE-8D180B834241}.Debug|Win32.Build.0 = Debug|Win32
		{E2E4D2AD-7E65-4CCE-9BAE-8D180B834241}.Release|Win32.ActiveCfg = Release|Win32
		{E2E4D2AD-7E65-4CCE-9BAE-8D180B834241}.Release|Win32.Build.0 = Release|Win32
		{3D3102D2-E447-4D01-8F48-25EF51C187DA}.Debug|Win32.ActiveCfg = Debug|Win32
		{3D3102D2-E447-4D01-8F48-25EF51C187DA}.Debug|Win32.Build.0 = Debug|Win32
		{3D3102D2-E447-4D01-8F48-25EF51C187DA}.Release|Win32.ActiveCfg = Release|Win32
		{3D3102D2-E447-4D01-8F48-25EF51C187DA}.Release|Win32.Build.0 = Release|Win32
		{4D1C78C5-DFC4-437D-B33D-253BE23624DB}.Debug|Win32.ActiveCfg = Debug|Win32
		{4D1C78C5-DFC4-437D-B33D-253BE23624DB}.Debug|Win32.Build.0 = Debug|Win32
		{4D1C78C5-DFC4-437D-B33D-253BE23624DB}.Release|Win32.ActiveCfg = Release|Win32
		{4D1C78C5-DFC4-437D-B33D-253BE23624DB}.Release|Win32.Build.0 = Release|Win32
	EndGlobalSection
	GlobalSection(SolutionProperties) = preSolution
		HideSolutionNode = FALSE
	EndGlobalSection
EndGlobal
